
Microsoft Visual Studio Solution File, Format Version 12.00
# Visual Studio Version 17
VisualStudioVersion = 17.7.34024.191
MinimumVisualStudioVersion = 10.0.40219.1
Project("{9A19103F-16F7-4668-BE54-9A1E7A4F7556}") = "TestGorilla.DataAccess", "TestGorilla.DataAccess\TestGorilla.DataAccess.csproj", "{6DBC526B-A2A5-46D1-BB18-0B275BA7ECB8}"
EndProject
Project("{9A19103F-16F7-4668-BE54-9A1E7A4F7556}") = "TestGorilla.Domain", "TestGorilla.Domain\TestGorilla.Domain.csproj", "{5B273755-A31C-49A6-8D03-460CBA9FAF00}"
EndProject
Project("{9A19103F-16F7-4668-BE54-9A1E7A4F7556}") = "TestGorilla.Api", "TestGorilla.WebApi\TestGorilla.Api.csproj", "{A8AD47B0-D216-4C35-95DC-997B96F3A1C1}"
EndProject
Project("{FAE04EC0-301F-11D3-BF4B-00C04F79EFBC}") = "TestGorilla.Service", "TestGorilla.Service\TestGorilla.Service.csproj", "{FCB4C605-2763-4808-B7B1-03DA7AD45147}"
EndProject
Global
	GlobalSection(SolutionConfigurationPlatforms) = preSolution
		Debug|Any CPU = Debug|Any CPU
		Release|Any CPU = Release|Any CPU
	EndGlobalSection
	GlobalSection(ProjectConfigurationPlatforms) = postSolution
		{6DBC526B-A2A5-46D1-BB18-0B275BA7ECB8}.Debug|Any CPU.ActiveCfg = Debug|Any CPU
		{6DBC526B-A2A5-46D1-BB18-0B275BA7ECB8}.Debug|Any CPU.Build.0 = Debug|Any CPU
		{6DBC526B-A2A5-46D1-BB18-0B275BA7ECB8}.Release|Any CPU.ActiveCfg = Release|Any CPU
		{6DBC526B-A2A5-46D1-BB18-0B275BA7ECB8}.Release|Any CPU.Build.0 = Release|Any CPU
		{5B273755-A31C-49A6-8D03-460CBA9FAF00}.Debug|Any CPU.ActiveCfg = Debug|Any CPU
		{5B273755-A31C-49A6-8D03-460CBA9FAF00}.Debug|Any CPU.Build.0 = Debug|Any CPU
		{5B273755-A31C-49A6-8D03-460CBA9FAF00}.Release|Any CPU.ActiveCfg = Release|Any CPU
		{5B273755-A31C-49A6-8D03-460CBA9FAF00}.Release|Any CPU.Build.0 = Release|Any CPU
		{A8AD47B0-D216-4C35-95DC-997B96F3A1C1}.Debug|Any CPU.ActiveCfg = Debug|Any CPU
		{A8AD47B0-D216-4C35-95DC-997B96F3A1C1}.Debug|Any CPU.Build.0 = Debug|Any CPU
		{A8AD47B0-D216-4C35-95DC-997B96F3A1C1}.Release|Any CPU.ActiveCfg = Release|Any CPU
		{A8AD47B0-D216-4C35-95DC-997B96F3A1C1}.Release|Any CPU.Build.0 = Release|Any CPU
		{FCB4C605-2763-4808-B7B1-03DA7AD45147}.Debug|Any CPU.ActiveCfg = Debug|Any CPU
		{FCB4C605-2763-4808-B7B1-03DA7AD45147}.Debug|Any CPU.Build.0 = Debug|Any CPU
		{FCB4C605-2763-4808-B7B1-03DA7AD45147}.Release|Any CPU.ActiveCfg = Release|Any CPU
		{FCB4C605-2763-4808-B7B1-03DA7AD45147}.Release|Any CPU.Build.0 = Release|Any CPU
	EndGlobalSection
	GlobalSection(SolutionProperties) = preSolution
		HideSolutionNode = FALSE
	EndGlobalSection
	GlobalSection(ExtensibilityGlobals) = postSolution
		SolutionGuid = {DCECF052-A27D-4FAB-9F12-12A8990F831F}
	EndGlobalSection
EndGlobal
