
Microsoft Visual Studio Solution File, Format Version 12.00
# Visual Studio Version 17
VisualStudioVersion = 17.7.34024.191
MinimumVisualStudioVersion = 10.0.40219.1
Project("{FAE04EC0-301F-11D3-BF4B-00C04F79EFBC}") = "TestGorilla.Data", "TestGorilla.Data\TestGorilla.Data.csproj", "{6DBC526B-A2A5-46D1-BB18-0B275BA7ECB8}"
EndProject
Project("{FAE04EC0-301F-11D3-BF4B-00C04F79EFBC}") = "TestGorilla.Domain", "TestGorilla.Domain\TestGorilla.Domain.csproj", "{5B273755-A31C-49A6-8D03-460CBA9FAF00}"
EndProject
Project("{FAE04EC0-301F-11D3-BF4B-00C04F79EFBC}") = "TestGorilla.WebApi", "TestGorilla.WebApi\TestGorilla.WebApi.csproj", "{FA72AB10-4336-45EA-8451-5D3C8FCB962E}"
EndProject
Project("{FAE04EC0-301F-11D3-BF4B-00C04F79EFBC}") = "TestGorilla.Service", "TestGorilla.Service\TestGorilla.Service.csproj", "{E8FF2327-B2F9-4FF1-B64E-26051EA484CA}"
EndProject
Global
	GlobalSection(SolutionConfigurationPlatforms) = preSolution
		Debug|Any CPU = Debug|Any CPU
		Release|Any CPU = Release|Any CPU
	EndGlobalSection
	GlobalSection(ProjectConfigurationPlatforms) = postSolution
		{6DBC526B-A2A5-46D1-BB18-0B275BA7ECB8}.Debug|Any CPU.ActiveCfg = Debug|Any CPU
		{6DBC526B-A2A5-46D1-BB18-0B275BA7ECB8}.Debug|Any CPU.Build.0 = Debug|Any CPU
		{6DBC526B-A2A5-46D1-BB18-0B275BA7ECB8}.Release|Any CPU.ActiveCfg = Release|Any CPU
		{6DBC526B-A2A5-46D1-BB18-0B275BA7ECB8}.Release|Any CPU.Build.0 = Release|Any CPU
		{5B273755-A31C-49A6-8D03-460CBA9FAF00}.Debug|Any CPU.ActiveCfg = Debug|Any CPU
		{5B273755-A31C-49A6-8D03-460CBA9FAF00}.Debug|Any CPU.Build.0 = Debug|Any CPU
		{5B273755-A31C-49A6-8D03-460CBA9FAF00}.Release|Any CPU.ActiveCfg = Release|Any CPU
		{5B273755-A31C-49A6-8D03-460CBA9FAF00}.Release|Any CPU.Build.0 = Release|Any CPU
		{FA72AB10-4336-45EA-8451-5D3C8FCB962E}.Debug|Any CPU.ActiveCfg = Debug|Any CPU
		{FA72AB10-4336-45EA-8451-5D3C8FCB962E}.Debug|Any CPU.Build.0 = Debug|Any CPU
		{FA72AB10-4336-45EA-8451-5D3C8FCB962E}.Release|Any CPU.ActiveCfg = Release|Any CPU
		{FA72AB10-4336-45EA-8451-5D3C8FCB962E}.Release|Any CPU.Build.0 = Release|Any CPU
		{E8FF2327-B2F9-4FF1-B64E-26051EA484CA}.Debug|Any CPU.ActiveCfg = Debug|Any CPU
		{E8FF2327-B2F9-4FF1-B64E-26051EA484CA}.Debug|Any CPU.Build.0 = Debug|Any CPU
		{E8FF2327-B2F9-4FF1-B64E-26051EA484CA}.Release|Any CPU.ActiveCfg = Release|Any CPU
		{E8FF2327-B2F9-4FF1-B64E-26051EA484CA}.Release|Any CPU.Build.0 = Release|Any CPU
	EndGlobalSection
	GlobalSection(SolutionProperties) = preSolution
		HideSolutionNode = FALSE
	EndGlobalSection
	GlobalSection(ExtensibilityGlobals) = postSolution
		SolutionGuid = {DCECF052-A27D-4FAB-9F12-12A8990F831F}
	EndGlobalSection
EndGlobal
